
Microsoft Visual Studio Solution File, Format Version 12.00
# Visual Studio Version 16
VisualStudioVersion = 16.0.32929.386
MinimumVisualStudioVersion = 10.0.40219.1
Project("{9A19103F-16F7-4668-BE54-9A1E7A4F7556}") = "DapperDataAccessLayer", "DapperDataAccessLayer\DapperDataAccessLayer.csproj", "{B6FEE8D4-A5FE-40FB-8F5E-4C36E2ABCB1C}"
EndProject
Project("{9A19103F-16F7-4668-BE54-9A1E7A4F7556}") = "TestDetailsAPI", "TestDetailsAPI\TestDetailsAPI.csproj", "{E6425D07-3064-4700-9691-FDC5CF280EF5}"
EndProject
Global
	GlobalSection(SolutionConfigurationPlatforms) = preSolution
		Debug|Any CPU = Debug|Any CPU
		Release|Any CPU = Release|Any CPU
	EndGlobalSection
	GlobalSection(ProjectConfigurationPlatforms) = postSolution
		{B6FEE8D4-A5FE-40FB-8F5E-4C36E2ABCB1C}.Debug|Any CPU.ActiveCfg = Debug|Any CPU
		{B6FEE8D4-A5FE-40FB-8F5E-4C36E2ABCB1C}.Debug|Any CPU.Build.0 = Debug|Any CPU
		{B6FEE8D4-A5FE-40FB-8F5E-4C36E2ABCB1C}.Release|Any CPU.ActiveCfg = Release|Any CPU
		{B6FEE8D4-A5FE-40FB-8F5E-4C36E2ABCB1C}.Release|Any CPU.Build.0 = Release|Any CPU
		{E6425D07-3064-4700-9691-FDC5CF280EF5}.Debug|Any CPU.ActiveCfg = Debug|Any CPU
		{E6425D07-3064-4700-9691-FDC5CF280EF5}.Debug|Any CPU.Build.0 = Debug|Any CPU
		{E6425D07-3064-4700-9691-FDC5CF280EF5}.Release|Any CPU.ActiveCfg = Release|Any CPU
		{E6425D07-3064-4700-9691-FDC5CF280EF5}.Release|Any CPU.Build.0 = Release|Any CPU
	EndGlobalSection
	GlobalSection(SolutionProperties) = preSolution
		HideSolutionNode = FALSE
	EndGlobalSection
	GlobalSection(ExtensibilityGlobals) = postSolution
		SolutionGuid = {38A8A0CF-42B1-4979-8F5E-970B9EE55295}
	EndGlobalSection
EndGlobal
